uuid: 8fb99d61-effc-4291-99ab-74d7a289968e
langcode: en
status: true
dependencies:
  module:
    - block_field
    - paragraphs
id: paragraph.field_component_block
field_name: field_component_block
entity_type: paragraph
type: block_field
settings: {  }
module: block_field
locked: false
cardinality: 1
translatable: true
indexes: {  }
persist_with_no_fields: false
custom_storage: false
